// !$*UTF8*$!
{
	archiveVersion = 1;
	classes = {
	};
	objectVersion = 46;
	objects = {

/* Begin PBXBuildFile section */
		A9AFDFA11A4585980089BF1E /* AppDelegate.swift in Sources */ = {isa = PBXBuildFile; fileRef = A9AFDFA01A4585980089BF1E /* AppDelegate.swift */; };
		A9AFDFA31A4585980089BF1E /* ViewController.swift in Sources */ = {isa = PBXBuildFile; fileRef = A9AFDFA21A4585980089BF1E /* ViewController.swift */; };
		A9AFDFA61A4585980089BF1E /* Main.storyboard in Resources */ = {isa = PBXBuildFile; fileRef = A9AFDFA41A4585980089BF1E /* Main.storyboard */; };
		A9AFDFA81A4585980089BF1E /* Images.xcassets in Resources */ = {isa = PBXBuildFile; fileRef = A9AFDFA71A4585980089BF1E /* Images.xcassets */; };
		A9AFDFAB1A4585980089BF1E /* LaunchScreen.xib in Resources */ = {isa = PBXBuildFile; fileRef = A9AFDFA91A4585980089BF1E /* LaunchScreen.xib */; };
		A9AFDFB71A4585980089BF1E /* weatherLayoutTests.swift in Sources */ = {isa = PBXBuildFile; fileRef = A9AFDFB61A4585980089BF1E /* weatherLayoutTests.swift */; };
/* End PBXBuildFile section */

/* Begin PBXContainerItemProxy section */
		A9AFDFB11A4585980089BF1E /* PBXContainerItemProxy */ = {
			isa = PBXContainerItemProxy;
			containerPortal = A9AFDF931A4585980089BF1E /* Project object */;
			proxyType = 1;
			remoteGlobalIDString = A9AFDF9A1A4585980089BF1E;
			remoteInfo = weatherLayout;
		};
/* End PBXContainerItemProxy section */

/* Begin PBXFileReference section */
		A9AFDF9B1A4585980089BF1E /* weatherLayout.app */ = {isa = PBXFileReference; explicitFileType = wrapper.application; includeInIndex = 0; path = weatherLayout.app; sourceTree = BUILT_PRODUCTS_DIR; };
		A9AFDF9F1A4585980089BF1E /* Info.plist */ = {isa = PBXFileReference; lastKnownFileType = text.plist.xml; path = Info.plist; sourceTree = "<group>"; };
		A9AFDFA01A4585980089BF1E /* AppDelegate.swift */ = {isa = PBXFileReference; lastKnownFileType = sourcecode.swift; path = AppDelegate.swift; sourceTree = "<group>"; };
		A9AFDFA21A4585980089BF1E /* ViewController.swift */ = {isa = PBXFileReference; lastKnownFileType = sourcecode.swift; path = ViewController.swift; sourceTree = "<group>"; };
		A9AFDFA51A4585980089BF1E /* Base */ = {isa = PBXFileReference; lastKnownFileType = file.storyboard; name = Base; path = Base.lproj/Main.storyboard; sourceTree = "<group>"; };
		A9AFDFA71A4585980089BF1E /* Images.xcassets */ = {isa = PBXFileReference; lastKnownFileType = folder.assetcatalog; path = Images.xcassets; sourceTree = "<group>"; };
		A9AFDFAA1A4585980089BF1E /* Base */ = {isa = PBXFileReference; lastKnownFileType = file.xib; name = Base; path = Base.lproj/LaunchScreen.xib; sourceTree = "<group>"; };
		A9AFDFB01A4585980089BF1E /* weatherLayoutTests.xctest */ = {isa = PBXFileReference; explicitFileType = wrapper.cfbundle; includeInIndex = 0; path = weatherLayoutTests.xctest; sourceTree = BUILT_PRODUCTS_DIR; };
		A9AFDFB51A4585980089BF1E /* Info.plist */ = {isa = PBXFileReference; lastKnownFileType = text.plist.xml; path = Info.plist; sourceTree = "<group>"; };
		A9AFDFB61A4585980089BF1E /* weatherLayoutTests.swift */ = {isa = PBXFileReference; lastKnownFileType = sourcecode.swift; path = weatherLayoutTests.swift; sourceTree = "<group>"; };
/* End PBXFileReference section */

/* Begin PBXFrameworksBuildPhase section */
		A9AFDF981A4585980089BF1E /* Frameworks */ = {
			isa = PBXFrameworksBuildPhase;
			buildActionMask = 2147483647;
			files = (
			);
			runOnlyForDeploymentPostprocessing = 0;
		};
		A9AFDFAD1A4585980089BF1E /* Frameworks */ = {
			isa = PBXFrameworksBuildPhase;
			buildActionMask = 2147483647;
			files = (
			);
			runOnlyForDeploymentPostprocessing = 0;
		};
/* End PBXFrameworksBuildPhase section */

/* Begin PBXGroup section */
		A9AFDF921A4585980089BF1E = {
			isa = PBXGroup;
			children = (
				A9AFDF9D1A4585980089BF1E /* weatherLayout */,
				A9AFDFB31A4585980089BF1E /* weatherLayoutTests */,
				A9AFDF9C1A4585980089BF1E /* Products */,
			);
			sourceTree = "<group>";
		};
		A9AFDF9C1A4585980089BF1E /* Products */ = {
			isa = PBXGroup;
			children = (
				A9AFDF9B1A4585980089BF1E /* weatherLayout.app */,
				A9AFDFB01A4585980089BF1E /* weatherLayoutTests.xctest */,
			);
			name = Products;
			sourceTree = "<group>";
		};
		A9AFDF9D1A4585980089BF1E /* weatherLayout */ = {
			isa = PBXGroup;
			children = (
				A9AFDFA01A4585980089BF1E /* AppDelegate.swift */,
				A9AFDFA21A4585980089BF1E /* ViewController.swift */,
				A9AFDFA41A4585980089BF1E /* Main.storyboard */,
				A9AFDFA71A4585980089BF1E /* Images.xcassets */,
				A9AFDFA91A4585980089BF1E /* LaunchScreen.xib */,
				A9AFDF9E1A4585980089BF1E /* Supporting Files */,
			);
			path = weatherLayout;
			sourceTree = "<group>";
		};
		A9AFDF9E1A4585980089BF1E /* Supporting Files */ = {
			isa = PBXGroup;
			children = (
				A9AFDF9F1A4585980089BF1E /* Info.plist */,
			);
			name = "Supporting Files";
			sourceTree = "<group>";
		};
		A9AFDFB31A4585980089BF1E /* weatherLayoutTests */ = {
			isa = PBXGroup;
			children = (
				A9AFDFB61A4585980089BF1E /* weatherLayoutTests.swift */,
				A9AFDFB41A4585980089BF1E /* Supporting Files */,
			);
			path = weatherLayoutTests;
			sourceTree = "<group>";
		};
		A9AFDFB41A4585980089BF1E /* Supporting Files */ = {
			isa = PBXGroup;
			children = (
				A9AFDFB51A4585980089BF1E /* Info.plist */,
			);
			name = "Supporting Files";
			sourceTree = "<group>";
		};
/* End PBXGroup section */

/* Begin PBXNativeTarget section */
		A9AFDF9A1A4585980089BF1E /* weatherLayout */ = {
			isa = PBXNativeTarget;
			buildConfigurationList = A9AFDFBA1A4585980089BF1E /* Build configuration list for PBXNativeTarget "weatherLayout" */;
			buildPhases = (
				A9AFDF971A4585980089BF1E /* Sources */,
				A9AFDF981A4585980089BF1E /* Frameworks */,
				A9AFDF991A4585980089BF1E /* Resources */,
			);
			buildRules = (
			);
			dependencies = (
			);
			name = weatherLayout;
			productName = weatherLayout;
			productReference = A9AFDF9B1A4585980089BF1E /* weatherLayout.app */;
			productType = "com.apple.product-type.application";
		};
		A9AFDFAF1A4585980089BF1E /* weatherLayoutTests */ = {
			isa = PBXNativeTarget;
			buildConfigurationList = A9AFDFBD1A4585980089BF1E /* Build configuration list for PBXNativeTarget "weatherLayoutTests" */;
			buildPhases = (
				A9AFDFAC1A4585980089BF1E /* Sources */,
				A9AFDFAD1A4585980089BF1E /* Frameworks */,
				A9AFDFAE1A4585980089BF1E /* Resources */,
			);
			buildRules = (
			);
			dependencies = (
				A9AFDFB21A4585980089BF1E /* PBXTargetDependency */,
			);
			name = weatherLayoutTests;
			productName = weatherLayoutTests;
			productReference = A9AFDFB01A4585980089BF1E /* weatherLayoutTests.xctest */;
			productType = "com.apple.product-type.bundle.unit-test";
		};
/* End PBXNativeTarget section */

/* Begin PBXProject section */
		A9AFDF931A4585980089BF1E /* Project object */ = {
			isa = PBXProject;
			attributes = {
				LastUpgradeCheck = 0610;
				ORGANIZATIONNAME = Alphaweb;
				TargetAttributes = {
					A9AFDF9A1A4585980089BF1E = {
						CreatedOnToolsVersion = 6.1.1;
					};
					A9AFDFAF1A4585980089BF1E = {
						CreatedOnToolsVersion = 6.1.1;
						TestTargetID = A9AFDF9A1A4585980089BF1E;
					};
				};
			};
			buildConfigurationList = A9AFDF961A4585980089BF1E /* Build configuration list for PBXProject "weatherLayout" */;
			compatibilityVersion = "Xcode 3.2";
			developmentRegion = English;
			hasScannedForEncodings = 0;
			knownRegions = (
				en,
				Base,
			);
			mainGroup = A9AFDF921A4585980089BF1E;
			productRefGroup = A9AFDF9C1A4585980089BF1E /* Products */;
			projectDirPath = "";
			projectRoot = "";
			targets = (
				A9AFDF9A1A4585980089BF1E /* weatherLayout */,
				A9AFDFAF1A4585980089BF1E /* weatherLayoutTests */,
			);
		};
/* End PBXProject section */

/* Begin PBXResourcesBuildPhase section */
		A9AFDF991A4585980089BF1E /* Resources */ = {
			isa = PBXResourcesBuildPhase;
			buildActionMask = 2147483647;
			files = (
				A9AFDFA61A4585980089BF1E /* Main.storyboard in Resources */,
				A9AFDFAB1A4585980089BF1E /* LaunchScreen.xib in Resources */,
				A9AFDFA81A4585980089BF1E /* Images.xcassets in Resources */,
			);
			runOnlyForDeploymentPostprocessing = 0;
		};
		A9AFDFAE1A4585980089BF1E /* Resources */ = {
			isa = PBXResourcesBuildPhase;
			buildActionMask = 2147483647;
			files = (
			);
			runOnlyForDeploymentPostprocessing = 0;
		};
/* End PBXResourcesBuildPhase section */

/* Begin PBXSourcesBuildPhase section */
		A9AFDF971A4585980089BF1E /* Sources */ = {
			isa = PBXSourcesBuildPhase;
			buildActionMask = 2147483647;
			files = (
				A9AFDFA31A4585980089BF1E /* ViewController.swift in Sources */,
				A9AFDFA11A4585980089BF1E /* AppDelegate.swift in Sources */,
			);
			runOnlyForDeploymentPostprocessing = 0;
		};
		A9AFDFAC1A4585980089BF1E /* Sources */ = {
			isa = PBXSourcesBuildPhase;
			buildActionMask = 2147483647;
			files = (
				A9AFDFB71A4585980089BF1E /* weatherLayoutTests.swift in Sources */,
			);
			runOnlyForDeploymentPostprocessing = 0;
		};
/* End PBXSourcesBuildPhase section */

/* Begin PBXTargetDependency section */
		A9AFDFB21A4585980089BF1E /* PBXTargetDependency */ = {
			isa = PBXTargetDependency;
			target = A9AFDF9A1A4585980089BF1E /* weatherLayout */;
			targetProxy = A9AFDFB11A4585980089BF1E /* PBXContainerItemProxy */;
		};
/* End PBXTargetDependency section */

/* Begin PBXVariantGroup section */
		A9AFDFA41A4585980089BF1E /* Main.storyboard */ = {
			isa = PBXVariantGroup;
			children = (
				A9AFDFA51A4585980089BF1E /* Base */,
			);
			name = Main.storyboard;
			sourceTree = "<group>";
		};
		A9AFDFA91A4585980089BF1E /* LaunchScreen.xib */ = {
			isa = PBXVariantGroup;
			children = (
				A9AFDFAA1A4585980089BF1E /* Base */,
			);
			name = LaunchScreen.xib;
			sourceTree = "<group>";
		};
/* End PBXVariantGroup section */

/* Begin XCBuildConfiguration section */
		A9AFDFB81A4585980089BF1E /* Debug */ = {
			isa = XCBuildConfiguration;
			buildSettings = {
				ALWAYS_SEARCH_USER_PATHS = NO;
				CLANG_CXX_LANGUAGE_STANDARD = "gnu++0x";
				CLANG_CXX_LIBRARY = "libc++";
				CLANG_ENABLE_MODULES = YES;
				CLANG_ENABLE_OBJC_ARC = YES;
				CLANG_WARN_BOOL_CONVERSION = YES;
				CLANG_WARN_CONSTANT_CONVERSION = YES;
				CLANG_WARN_DIRECT_OBJC_ISA_USAGE = YES_ERROR;
				CLANG_WARN_EMPTY_BODY = YES;
				CLANG_WARN_ENUM_CONVERSION = YES;
				CLANG_WARN_INT_CONVERSION = YES;
				CLANG_WARN_OBJC_ROOT_CLASS = YES_ERROR;
				CLANG_WARN_UNREACHABLE_CODE = YES;
				CLANG_WARN__DUPLICATE_METHOD_MATCH = YES;
				"CODE_SIGN_IDENTITY[sdk=iphoneos*]" = "iPhone Developer";
				COPY_PHASE_STRIP = NO;
				ENABLE_STRICT_OBJC_MSGSEND = YES;
				GCC_C_LANGUAGE_STANDARD = gnu99;
				GCC_DYNAMIC_NO_PIC = NO;
				GCC_OPTIMIZATION_LEVEL = 0;
				GCC_PREPROCESSOR_DEFINITIONS = (
					"DEBUG=1",
					"$(inherited)",
				);
				GCC_SYMBOLS_PRIVATE_EXTERN = NO;
				GCC_WARN_64_TO_32_BIT_CONVERSION = YES;
				GCC_WARN_ABOUT_RETURN_TYPE = YES_ERROR;
				GCC_WARN_UNDECLARED_SELECTOR = YES;
				GCC_WARN_UNINITIALIZED_AUTOS = YES_AGGRESSIVE;
				GCC_WARN_UNUSED_FUNCTION = YES;
				GCC_WARN_UNUSED_VARIABLE = YES;
				IPHONEOS_DEPLOYMENT_TARGET = 8.1;
				MTL_ENABLE_DEBUG_INFO = YES;
				ONLY_ACTIVE_ARCH = YES;
				SDKROOT = iphoneos;
				SWIFT_OPTIMIZATION_LEVEL = "-Onone";
				TARGETED_DEVICE_FAMILY = "1,2";
			};
			name = Debug;
		};
		A9AFDFB91A4585980089BF1E /* Release */ = {
			isa = XCBuildConfiguration;
			buildSettings = {
				ALWAYS_SEARCH_USER_PATHS = NO;
				CLANG_CXX_LANGUAGE_STANDARD = "gnu++0x";
				CLANG_CXX_LIBRARY = "libc++";
				CLANG_ENABLE_MODULES = YES;
				CLANG_ENABLE_OBJC_ARC = YES;
				CLANG_WARN_BOOL_CONVERSION = YES;
				CLANG_WARN_CONSTANT_CONVERSION = YES;
				CLANG_WARN_DIRECT_OBJC_ISA_USAGE = YES_ERROR;
				CLANG_WARN_EMPTY_BODY = YES;
				CLANG_WARN_ENUM_CONVERSION = YES;
				CLANG_WARN_INT_CONVERSION = YES;
				CLANG_WARN_OBJC_ROOT_CLASS = YES_ERROR;
				CLANG_WARN_UNREACHABLE_CODE = YES;
				CLANG_WARN__DUPLICATE_METHOD_MATCH = YES;
				"CODE_SIGN_IDENTITY[sdk=iphoneos*]" = "iPhone Developer";
				COPY_PHASE_STRIP = YES;
				ENABLE_NS_ASSERTIONS = NO;
				ENABLE_STRICT_OBJC_MSGSEND = YES;
				GCC_C_LANGUAGE_STANDARD = gnu99;
				GCC_WARN_64_TO_32_BIT_CONVERSION = YES;
				GCC_WARN_ABOUT_RETURN_TYPE = YES_ERROR;
				GCC_WARN_UNDECLARED_SELECTOR = YES;
				GCC_WARN_UNINITIALIZED_AUTOS = YES_AGGRESSIVE;
				GCC_WARN_UNUSED_FUNCTION = YES;
				GCC_WARN_UNUSED_VARIABLE = YES;
				IPHONEOS_DEPLOYMENT_TARGET = 8.1;
				MTL_ENABLE_DEBUG_INFO = NO;
				SDKROOT = iphoneos;
				TARGETED_DEVICE_FAMILY = "1,2";
				VALIDATE_PRODUCT = YES;
			};
			name = Release;
		};
		A9AFDFBB1A4585980089BF1E /* Debug */ = {
			isa = XCBuildConfiguration;
			buildSettings = {
				ASSETCATALOG_COMPILER_APPICON_NAME = AppIcon;
				INFOPLIST_FILE = weatherLayout/Info.plist;
				LD_RUNPATH_SEARCH_PATHS = "$(inherited) @executable_path/Frameworks";
				PRODUCT_NAME = "$(TARGET_NAME)";
			};
			name = Debug;
		};
		A9AFDFBC1A4585980089BF1E /* Release */ = {
			isa = XCBuildConfiguration;
			buildSettings = {
				ASSETCATALOG_COMPILER_APPICON_NAME = AppIcon;
				INFOPLIST_FILE = weatherLayout/Info.plist;
				LD_RUNPATH_SEARCH_PATHS = "$(inherited) @executable_path/Frameworks";
				PRODUCT_NAME = "$(TARGET_NAME)";
			};
			name = Release;
		};
		A9AFDFBE1A4585980089BF1E /* Debug */ = {
			isa = XCBuildConfiguration;
			buildSettings = {
				BUNDLE_LOADER = "$(TEST_HOST)";
				FRAMEWORK_SEARCH_PATHS = (
					"$(SDKROOT)/Developer/Library/Frameworks",
					"$(inherited)",
				);
				GCC_PREPROCESSOR_DEFINITIONS = (
					"DEBUG=1",
					"$(inherited)",
				);
				INFOPLIST_FILE = weatherLayoutTests/Info.plist;
				LD_RUNPATH_SEARCH_PATHS = "$(inherited) @executable_path/Frameworks @loader_path/Frameworks";
				PRODUCT_NAME = "$(TARGET_NAME)";
				TEST_HOST = "$(BUILT_PRODUCTS_DIR)/weatherLayout.app/weatherLayout";
			};
			name = Debug;
		};
		A9AFDFBF1A4585980089BF1E /* Release */ = {
			isa = XCBuildConfiguration;
			buildSettings = {
				BUNDLE_LOADER = "$(TEST_HOST)";
				FRAMEWORK_SEARCH_PATHS = (
					"$(SDKROOT)/Developer/Library/Frameworks",
					"$(inherited)",
				);
				INFOPLIST_FILE = weatherLayoutTests/Info.plist;
				LD_RUNPATH_SEARCH_PATHS = "$(inherited) @executable_path/Frameworks @loader_path/Frameworks";
				PRODUCT_NAME = "$(TARGET_NAME)";
				TEST_HOST = "$(BUILT_PRODUCTS_DIR)/weatherLayout.app/weatherLayout";
			};
			name = Release;
		};
/* End XCBuildConfiguration section */

/* Begin XCConfigurationList section */
		A9AFDF961A4585980089BF1E /* Build configuration list for PBXProject "weatherLayout" */ = {
			isa = XCConfigurationList;
			buildConfigurations = (
				A9AFDFB81A4585980089BF1E /* Debug */,
				A9AFDFB91A4585980089BF1E /* Release */,
			);
			defaultConfigurationIsVisible = 0;
			defaultConfigurationName = Release;
		};
		A9AFDFBA1A4585980089BF1E /* Build configuration list for PBXNativeTarget "weatherLayout" */ = {
			isa = XCConfigurationList;
			buildConfigurations = (
				A9AFDFBB1A4585980089BF1E /* Debug */,
				A9AFDFBC1A4585980089BF1E /* Release */,
			);
			defaultConfigurationIsVisible = 0;
		};
		A9AFDFBD1A4585980089BF1E /* Build configuration list for PBXNativeTarget "weatherLayoutTests" */ = {
			isa = XCConfigurationList;
			buildConfigurations = (
				A9AFDFBE1A4585980089BF1E /* Debug */,
				A9AFDFBF1A4585980089BF1E /* Release */,
			);
			defaultConfigurationIsVisible = 0;
		};
/* End XCConfigurationList section */
	};
	rootObject = A9AFDF931A4585980089BF1E /* Project object */;
}
